// !$*UTF8*$!
{
	archiveVersion = 1;
	classes = {
	};
	objectVersion = 50;
	objects = {

/* Begin PBXBuildFile section */
		E455258D2ACB81FA00CF10F3 /* WeatherVCTests.swift in Sources */ = {isa = PBXBuildFile; fileRef = E455258C2ACB81FA00CF10F3 /* WeatherVCTests.swift */; };
		E455258F2ACB84DD00CF10F3 /* WeatherViewModelTests.swift in Sources */ = {isa = PBXBuildFile; fileRef = E455258E2ACB84DD00CF10F3 /* WeatherViewModelTests.swift */; };
		E45525912ACB937A00CF10F3 /* WeatherServiceTests.swift in Sources */ = {isa = PBXBuildFile; fileRef = E45525902ACB937A00CF10F3 /* WeatherServiceTests.swift */; };
		E4EEABF32ACA801900800FE1 /* LocationManager.swift in Sources */ = {isa = PBXBuildFile; fileRef = E4EEABF22ACA801900800FE1 /* LocationManager.swift */; };
		E4F2B4122ACA3D0600408B65 /* Weather.swift in Sources */ = {isa = PBXBuildFile; fileRef = E4F2B4112ACA3D0600408B65 /* Weather.swift */; };
		E4F2B4142ACA3E8A00408B65 /* WeatherViewModel.swift in Sources */ = {isa = PBXBuildFile; fileRef = E4F2B4132ACA3E8A00408B65 /* WeatherViewModel.swift */; };
		E4F2B4162ACA3F6100408B65 /* WeatherService.swift in Sources */ = {isa = PBXBuildFile; fileRef = E4F2B4152ACA3F6100408B65 /* WeatherService.swift */; };
		E4F8C1FD2AC9B347003E4AA3 /* AppDelegate.swift in Sources */ = {isa = PBXBuildFile; fileRef = E4F8C1FC2AC9B347003E4AA3 /* AppDelegate.swift */; };
		E4F8C1FF2AC9B347003E4AA3 /* SceneDelegate.swift in Sources */ = {isa = PBXBuildFile; fileRef = E4F8C1FE2AC9B347003E4AA3 /* SceneDelegate.swift */; };
		E4F8C2012AC9B347003E4AA3 /* WeatherViewController.swift in Sources */ = {isa = PBXBuildFile; fileRef = E4F8C2002AC9B347003E4AA3 /* WeatherViewController.swift */; };
		E4F8C2042AC9B347003E4AA3 /* Main.storyboard in Resources */ = {isa = PBXBuildFile; fileRef = E4F8C2022AC9B347003E4AA3 /* Main.storyboard */; };
		E4F8C2062AC9B352003E4AA3 /* Assets.xcassets in Resources */ = {isa = PBXBuildFile; fileRef = E4F8C2052AC9B352003E4AA3 /* Assets.xcassets */; };
		E4F8C2092AC9B352003E4AA3 /* LaunchScreen.storyboard in Resources */ = {isa = PBXBuildFile; fileRef = E4F8C2072AC9B352003E4AA3 /* LaunchScreen.storyboard */; };
		E4F8C2142AC9B353003E4AA3 /* WeatherAppChaseTests.swift in Sources */ = {isa = PBXBuildFile; fileRef = E4F8C2132AC9B353003E4AA3 /* WeatherAppChaseTests.swift */; };
/* End PBXBuildFile section */

/* Begin PBXContainerItemProxy section */
		E4F8C2102AC9B353003E4AA3 /* PBXContainerItemProxy */ = {
			isa = PBXContainerItemProxy;
			containerPortal = E4F8C1F12AC9B346003E4AA3 /* Project object */;
			proxyType = 1;
			remoteGlobalIDString = E4F8C1F82AC9B347003E4AA3;
			remoteInfo = WeatherAppChase;
		};
/* End PBXContainerItemProxy section */

/* Begin PBXFileReference section */
		E455258C2ACB81FA00CF10F3 /* WeatherVCTests.swift */ = {isa = PBXFileReference; lastKnownFileType = sourcecode.swift; path = WeatherVCTests.swift; sourceTree = "<group>"; };
		E455258E2ACB84DD00CF10F3 /* WeatherViewModelTests.swift */ = {isa = PBXFileReference; lastKnownFileType = sourcecode.swift; path = WeatherViewModelTests.swift; sourceTree = "<group>"; };
		E45525902ACB937A00CF10F3 /* WeatherServiceTests.swift */ = {isa = PBXFileReference; lastKnownFileType = sourcecode.swift; path = WeatherServiceTests.swift; sourceTree = "<group>"; };
		E4EEABF22ACA801900800FE1 /* LocationManager.swift */ = {isa = PBXFileReference; lastKnownFileType = sourcecode.swift; path = LocationManager.swift; sourceTree = "<group>"; };
		E4F2B4112ACA3D0600408B65 /* Weather.swift */ = {isa = PBXFileReference; lastKnownFileType = sourcecode.swift; path = Weather.swift; sourceTree = "<group>"; };
		E4F2B4132ACA3E8A00408B65 /* WeatherViewModel.swift */ = {isa = PBXFileReference; lastKnownFileType = sourcecode.swift; path = WeatherViewModel.swift; sourceTree = "<group>"; };
		E4F2B4152ACA3F6100408B65 /* WeatherService.swift */ = {isa = PBXFileReference; lastKnownFileType = sourcecode.swift; path = WeatherService.swift; sourceTree = "<group>"; };
		E4F8C1F92AC9B347003E4AA3 /* WeatherAppChase.app */ = {isa = PBXFileReference; explicitFileType = wrapper.application; includeInIndex = 0; path = WeatherAppChase.app; sourceTree = BUILT_PRODUCTS_DIR; };
		E4F8C1FC2AC9B347003E4AA3 /* AppDelegate.swift */ = {isa = PBXFileReference; lastKnownFileType = sourcecode.swift; path = AppDelegate.swift; sourceTree = "<group>"; };
		E4F8C1FE2AC9B347003E4AA3 /* SceneDelegate.swift */ = {isa = PBXFileReference; lastKnownFileType = sourcecode.swift; path = SceneDelegate.swift; sourceTree = "<group>"; };
		E4F8C2002AC9B347003E4AA3 /* WeatherViewController.swift */ = {isa = PBXFileReference; lastKnownFileType = sourcecode.swift; path = WeatherViewController.swift; sourceTree = "<group>"; };
		E4F8C2032AC9B347003E4AA3 /* Base */ = {isa = PBXFileReference; lastKnownFileType = file.storyboard; name = Base; path = Base.lproj/Main.storyboard; sourceTree = "<group>"; };
		E4F8C2052AC9B352003E4AA3 /* Assets.xcassets */ = {isa = PBXFileReference; lastKnownFileType = folder.assetcatalog; path = Assets.xcassets; sourceTree = "<group>"; };
		E4F8C2082AC9B352003E4AA3 /* Base */ = {isa = PBXFileReference; lastKnownFileType = file.storyboard; name = Base; path = Base.lproj/LaunchScreen.storyboard; sourceTree = "<group>"; };
		E4F8C20A2AC9B352003E4AA3 /* Info.plist */ = {isa = PBXFileReference; lastKnownFileType = text.plist.xml; path = Info.plist; sourceTree = "<group>"; };
		E4F8C20F2AC9B353003E4AA3 /* WeatherAppChaseTests.xctest */ = {isa = PBXFileReference; explicitFileType = wrapper.cfbundle; includeInIndex = 0; path = WeatherAppChaseTests.xctest; sourceTree = BUILT_PRODUCTS_DIR; };
		E4F8C2132AC9B353003E4AA3 /* WeatherAppChaseTests.swift */ = {isa = PBXFileReference; lastKnownFileType = sourcecode.swift; path = WeatherAppChaseTests.swift; sourceTree = "<group>"; };
		E4F8C2152AC9B353003E4AA3 /* Info.plist */ = {isa = PBXFileReference; lastKnownFileType = text.plist.xml; path = Info.plist; sourceTree = "<group>"; };
/* End PBXFileReference section */

/* Begin PBXFrameworksBuildPhase section */
		E4F8C1F62AC9B347003E4AA3 /* Frameworks */ = {
			isa = PBXFrameworksBuildPhase;
			buildActionMask = 2147483647;
			files = (
			);
			runOnlyForDeploymentPostprocessing = 0;
		};
		E4F8C20C2AC9B353003E4AA3 /* Frameworks */ = {
			isa = PBXFrameworksBuildPhase;
			buildActionMask = 2147483647;
			files = (
			);
			runOnlyForDeploymentPostprocessing = 0;
		};
/* End PBXFrameworksBuildPhase section */

/* Begin PBXGroup section */
		E4F8C1F02AC9B346003E4AA3 = {
			isa = PBXGroup;
			children = (
				E4F8C1FB2AC9B347003E4AA3 /* WeatherAppChase */,
				E4F8C2122AC9B353003E4AA3 /* WeatherAppChaseTests */,
				E4F8C1FA2AC9B347003E4AA3 /* Products */,
			);
			sourceTree = "<group>";
		};
		E4F8C1FA2AC9B347003E4AA3 /* Products */ = {
			isa = PBXGroup;
			children = (
				E4F8C1F92AC9B347003E4AA3 /* WeatherAppChase.app */,
				E4F8C20F2AC9B353003E4AA3 /* WeatherAppChaseTests.xctest */,
			);
			name = Products;
			sourceTree = "<group>";
		};
		E4F8C1FB2AC9B347003E4AA3 /* WeatherAppChase */ = {
			isa = PBXGroup;
			children = (
				E4F8C1FC2AC9B347003E4AA3 /* AppDelegate.swift */,
				E4F8C1FE2AC9B347003E4AA3 /* SceneDelegate.swift */,
				E4F8C2002AC9B347003E4AA3 /* WeatherViewController.swift */,
				E4F8C2022AC9B347003E4AA3 /* Main.storyboard */,
				E4F8C2052AC9B352003E4AA3 /* Assets.xcassets */,
				E4F8C2072AC9B352003E4AA3 /* LaunchScreen.storyboard */,
				E4F8C20A2AC9B352003E4AA3 /* Info.plist */,
				E4F2B4112ACA3D0600408B65 /* Weather.swift */,
				E4F2B4132ACA3E8A00408B65 /* WeatherViewModel.swift */,
				E4F2B4152ACA3F6100408B65 /* WeatherService.swift */,
				E4EEABF22ACA801900800FE1 /* LocationManager.swift */,
			);
			path = WeatherAppChase;
			sourceTree = "<group>";
		};
		E4F8C2122AC9B353003E4AA3 /* WeatherAppChaseTests */ = {
			isa = PBXGroup;
			children = (
				E4F8C2132AC9B353003E4AA3 /* WeatherAppChaseTests.swift */,
				E4F8C2152AC9B353003E4AA3 /* Info.plist */,
				E455258C2ACB81FA00CF10F3 /* WeatherVCTests.swift */,
				E455258E2ACB84DD00CF10F3 /* WeatherViewModelTests.swift */,
				E45525902ACB937A00CF10F3 /* WeatherServiceTests.swift */,
			);
			path = WeatherAppChaseTests;
			sourceTree = "<group>";
		};
/* End PBXGroup section */

/* Begin PBXNativeTarget section */
		E4F8C1F82AC9B347003E4AA3 /* WeatherAppChase */ = {
			isa = PBXNativeTarget;
			buildConfigurationList = E4F8C2182AC9B353003E4AA3 /* Build configuration list for PBXNativeTarget "WeatherAppChase" */;
			buildPhases = (
				E4F8C1F52AC9B347003E4AA3 /* Sources */,
				E4F8C1F62AC9B347003E4AA3 /* Frameworks */,
				E4F8C1F72AC9B347003E4AA3 /* Resources */,
			);
			buildRules = (
			);
			dependencies = (
			);
			name = WeatherAppChase;
			productName = WeatherAppChase;
			productReference = E4F8C1F92AC9B347003E4AA3 /* WeatherAppChase.app */;
			productType = "com.apple.product-type.application";
		};
		E4F8C20E2AC9B353003E4AA3 /* WeatherAppChaseTests */ = {
			isa = PBXNativeTarget;
			buildConfigurationList = E4F8C21B2AC9B353003E4AA3 /* Build configuration list for PBXNativeTarget "WeatherAppChaseTests" */;
			buildPhases = (
				E4F8C20B2AC9B353003E4AA3 /* Sources */,
				E4F8C20C2AC9B353003E4AA3 /* Frameworks */,
				E4F8C20D2AC9B353003E4AA3 /* Resources */,
			);
			buildRules = (
			);
			dependencies = (
				E4F8C2112AC9B353003E4AA3 /* PBXTargetDependency */,
			);
			name = WeatherAppChaseTests;
			productName = WeatherAppChaseTests;
			productReference = E4F8C20F2AC9B353003E4AA3 /* WeatherAppChaseTests.xctest */;
			productType = "com.apple.product-type.bundle.unit-test";
		};
/* End PBXNativeTarget section */

/* Begin PBXProject section */
		E4F8C1F12AC9B346003E4AA3 /* Project object */ = {
			isa = PBXProject;
			attributes = {
				LastSwiftUpdateCheck = 1130;
				LastUpgradeCheck = 1130;
				ORGANIZATIONNAME = Chase;
				TargetAttributes = {
					E4F8C1F82AC9B347003E4AA3 = {
						CreatedOnToolsVersion = 11.3.1;
					};
					E4F8C20E2AC9B353003E4AA3 = {
						CreatedOnToolsVersion = 11.3.1;
						TestTargetID = E4F8C1F82AC9B347003E4AA3;
					};
				};
			};
			buildConfigurationList = E4F8C1F42AC9B346003E4AA3 /* Build configuration list for PBXProject "WeatherAppChase" */;
			compatibilityVersion = "Xcode 9.3";
			developmentRegion = en;
			hasScannedForEncodings = 0;
			knownRegions = (
				en,
				Base,
			);
			mainGroup = E4F8C1F02AC9B346003E4AA3;
			productRefGroup = E4F8C1FA2AC9B347003E4AA3 /* Products */;
			projectDirPath = "";
			projectRoot = "";
			targets = (
				E4F8C1F82AC9B347003E4AA3 /* WeatherAppChase */,
				E4F8C20E2AC9B353003E4AA3 /* WeatherAppChaseTests */,
			);
		};
/* End PBXProject section */

/* Begin PBXResourcesBuildPhase section */
		E4F8C1F72AC9B347003E4AA3 /* Resources */ = {
			isa = PBXResourcesBuildPhase;
			buildActionMask = 2147483647;
			files = (
				E4F8C2092AC9B352003E4AA3 /* LaunchScreen.storyboard in Resources */,
				E4F8C2062AC9B352003E4AA3 /* Assets.xcassets in Resources */,
				E4F8C2042AC9B347003E4AA3 /* Main.storyboard in Resources */,
			);
			runOnlyForDeploymentPostprocessing = 0;
		};
		E4F8C20D2AC9B353003E4AA3 /* Resources */ = {
			isa = PBXResourcesBuildPhase;
			buildActionMask = 2147483647;
			files = (
			);
			runOnlyForDeploymentPostprocessing = 0;
		};
/* End PBXResourcesBuildPhase section */

/* Begin PBXSourcesBuildPhase section */
		E4F8C1F52AC9B347003E4AA3 /* Sources */ = {
			isa = PBXSourcesBuildPhase;
			buildActionMask = 2147483647;
			files = (
				E4F2B4142ACA3E8A00408B65 /* WeatherViewModel.swift in Sources */,
				E4F2B4122ACA3D0600408B65 /* Weather.swift in Sources */,
				E4F8C2012AC9B347003E4AA3 /* WeatherViewController.swift in Sources */,
				E4EEABF32ACA801900800FE1 /* LocationManager.swift in Sources */,
				E4F8C1FD2AC9B347003E4AA3 /* AppDelegate.swift in Sources */,
				E4F2B4162ACA3F6100408B65 /* WeatherService.swift in Sources */,
				E4F8C1FF2AC9B347003E4AA3 /* SceneDelegate.swift in Sources */,
			);
			runOnlyForDeploymentPostprocessing = 0;
		};
		E4F8C20B2AC9B353003E4AA3 /* Sources */ = {
			isa = PBXSourcesBuildPhase;
			buildActionMask = 2147483647;
			files = (
				E45525912ACB937A00CF10F3 /* WeatherServiceTests.swift in Sources */,
				E4F8C2142AC9B353003E4AA3 /* WeatherAppChaseTests.swift in Sources */,
				E455258D2ACB81FA00CF10F3 /* WeatherVCTests.swift in Sources */,
				E455258F2ACB84DD00CF10F3 /* WeatherViewModelTests.swift in Sources */,
			);
			runOnlyForDeploymentPostprocessing = 0;
		};
/* End PBXSourcesBuildPhase section */

/* Begin PBXTargetDependency section */
		E4F8C2112AC9B353003E4AA3 /* PBXTargetDependency */ = {
			isa = PBXTargetDependency;
			target = E4F8C1F82AC9B347003E4AA3 /* WeatherAppChase */;
			targetProxy = E4F8C2102AC9B353003E4AA3 /* PBXContainerItemProxy */;
		};
/* End PBXTargetDependency section */

/* Begin PBXVariantGroup section */
		E4F8C2022AC9B347003E4AA3 /* Main.storyboard */ = {
			isa = PBXVariantGroup;
			children = (
				E4F8C2032AC9B347003E4AA3 /* Base */,
			);
			name = Main.storyboard;
			sourceTree = "<group>";
		};
		E4F8C2072AC9B352003E4AA3 /* LaunchScreen.storyboard */ = {
			isa = PBXVariantGroup;
			children = (
				E4F8C2082AC9B352003E4AA3 /* Base */,
			);
			name = LaunchScreen.storyboard;
			sourceTree = "<group>";
		};
/* End PBXVariantGroup section */

/* Begin XCBuildConfiguration section */
		E4F8C2162AC9B353003E4AA3 /* Debug */ = {
			isa = XCBuildConfiguration;
			buildSettings = {
				ALWAYS_SEARCH_USER_PATHS = NO;
				CLANG_ANALYZER_NONNULL = YES;
				CLANG_ANALYZER_NUMBER_OBJECT_CONVERSION = YES_AGGRESSIVE;
				CLANG_CXX_LANGUAGE_STANDARD = "gnu++14";
				CLANG_CXX_LIBRARY = "libc++";
				CLANG_ENABLE_MODULES = YES;
				CLANG_ENABLE_OBJC_ARC = YES;
				CLANG_ENABLE_OBJC_WEAK = YES;
				CLANG_WARN_BLOCK_CAPTURE_AUTORELEASING = YES;
				CLANG_WARN_BOOL_CONVERSION = YES;
				CLANG_WARN_COMMA = YES;
				CLANG_WARN_CONSTANT_CONVERSION = YES;
				CLANG_WARN_DEPRECATED_OBJC_IMPLEMENTATIONS = YES;
				CLANG_WARN_DIRECT_OBJC_ISA_USAGE = YES_ERROR;
				CLANG_WARN_DOCUMENTATION_COMMENTS = YES;
				CLANG_WARN_EMPTY_BODY = YES;
				CLANG_WARN_ENUM_CONVERSION = YES;
				CLANG_WARN_INFINITE_RECURSION = YES;
				CLANG_WARN_INT_CONVERSION = YES;
				CLANG_WARN_NON_LITERAL_NULL_CONVERSION = YES;
				CLANG_WARN_OBJC_IMPLICIT_RETAIN_SELF = YES;
				CLANG_WARN_OBJC_LITERAL_CONVERSION = YES;
				CLANG_WARN_OBJC_ROOT_CLASS = YES_ERROR;
				CLANG_WARN_RANGE_LOOP_ANALYSIS = YES;
				CLANG_WARN_STRICT_PROTOTYPES = YES;
				CLANG_WARN_SUSPICIOUS_MOVE = YES;
				CLANG_WARN_UNGUARDED_AVAILABILITY = YES_AGGRESSIVE;
				CLANG_WARN_UNREACHABLE_CODE = YES;
				CLANG_WARN__DUPLICATE_METHOD_MATCH = YES;
				COPY_PHASE_STRIP = NO;
				DEBUG_INFORMATION_FORMAT = dwarf;
				ENABLE_STRICT_OBJC_MSGSEND = YES;
				ENABLE_TESTABILITY = YES;
				GCC_C_LANGUAGE_STANDARD = gnu11;
				GCC_DYNAMIC_NO_PIC = NO;
				GCC_NO_COMMON_BLOCKS = YES;
				GCC_OPTIMIZATION_LEVEL = 0;
				GCC_PREPROCESSOR_DEFINITIONS = (
					"DEBUG=1",
					"$(inherited)",
				);
				GCC_WARN_64_TO_32_BIT_CONVERSION = YES;
				GCC_WARN_ABOUT_RETURN_TYPE = YES_ERROR;
				GCC_WARN_UNDECLARED_SELECTOR = YES;
				GCC_WARN_UNINITIALIZED_AUTOS = YES_AGGRESSIVE;
				GCC_WARN_UNUSED_FUNCTION = YES;
				GCC_WARN_UNUSED_VARIABLE = YES;
				IPHONEOS_DEPLOYMENT_TARGET = 13.2;
				MTL_ENABLE_DEBUG_INFO = INCLUDE_SOURCE;
				MTL_FAST_MATH = YES;
				ONLY_ACTIVE_ARCH = YES;
				SDKROOT = iphoneos;
				SWIFT_ACTIVE_COMPILATION_CONDITIONS = DEBUG;
				SWIFT_OPTIMIZATION_LEVEL = "-Onone";
			};
			name = Debug;
		};
		E4F8C2172AC9B353003E4AA3 /* Release */ = {
			isa = XCBuildConfiguration;
			buildSettings = {
				ALWAYS_SEARCH_USER_PATHS = NO;
				CLANG_ANALYZER_NONNULL = YES;
				CLANG_ANALYZER_NUMBER_OBJECT_CONVERSION = YES_AGGRESSIVE;
				CLANG_CXX_LANGUAGE_STANDARD = "gnu++14";
				CLANG_CXX_LIBRARY = "libc++";
				CLANG_ENABLE_MODULES = YES;
				CLANG_ENABLE_OBJC_ARC = YES;
				CLANG_ENABLE_OBJC_WEAK = YES;
				CLANG_WARN_BLOCK_CAPTURE_AUTORELEASING = YES;
				CLANG_WARN_BOOL_CONVERSION = YES;
				CLANG_WARN_COMMA = YES;
				CLANG_WARN_CONSTANT_CONVERSION = YES;
				CLANG_WARN_DEPRECATED_OBJC_IMPLEMENTATIONS = YES;
				CLANG_WARN_DIRECT_OBJC_ISA_USAGE = YES_ERROR;
				CLANG_WARN_DOCUMENTATION_COMMENTS = YES;
				CLANG_WARN_EMPTY_BODY = YES;
				CLANG_WARN_ENUM_CONVERSION = YES;
				CLANG_WARN_INFINITE_RECURSION = YES;
				CLANG_WARN_INT_CONVERSION = YES;
				CLANG_WARN_NON_LITERAL_NULL_CONVERSION = YES;
				CLANG_WARN_OBJC_IMPLICIT_RETAIN_SELF = YES;
				CLANG_WARN_OBJC_LITERAL_CONVERSION = YES;
				CLANG_WARN_OBJC_ROOT_CLASS = YES_ERROR;
				CLANG_WARN_RANGE_LOOP_ANALYSIS = YES;
				CLANG_WARN_STRICT_PROTOTYPES = YES;
				CLANG_WARN_SUSPICIOUS_MOVE = YES;
				CLANG_WARN_UNGUARDED_AVAILABILITY = YES_AGGRESSIVE;
				CLANG_WARN_UNREACHABLE_CODE = YES;
				CLANG_WARN__DUPLICATE_METHOD_MATCH = YES;
				COPY_PHASE_STRIP = NO;
				DEBUG_INFORMATION_FORMAT = "dwarf-with-dsym";
				ENABLE_NS_ASSERTIONS = NO;
				ENABLE_STRICT_OBJC_MSGSEND = YES;
				GCC_C_LANGUAGE_STANDARD = gnu11;
				GCC_NO_COMMON_BLOCKS = YES;
				GCC_WARN_64_TO_32_BIT_CONVERSION = YES;
				GCC_WARN_ABOUT_RETURN_TYPE = YES_ERROR;
				GCC_WARN_UNDECLARED_SELECTOR = YES;
				GCC_WARN_UNINITIALIZED_AUTOS = YES_AGGRESSIVE;
				GCC_WARN_UNUSED_FUNCTION = YES;
				GCC_WARN_UNUSED_VARIABLE = YES;
				IPHONEOS_DEPLOYMENT_TARGET = 13.2;
				MTL_ENABLE_DEBUG_INFO = NO;
				MTL_FAST_MATH = YES;
				SDKROOT = iphoneos;
				SWIFT_COMPILATION_MODE = wholemodule;
				SWIFT_OPTIMIZATION_LEVEL = "-O";
				VALIDATE_PRODUCT = YES;
			};
			name = Release;
		};
		E4F8C2192AC9B353003E4AA3 /* Debug */ = {
			isa = XCBuildConfiguration;
			buildSettings = {
				ASSETCATALOG_COMPILER_APPICON_NAME = AppIcon;
				CODE_SIGN_STYLE = Automatic;
				INFOPLIST_FILE = WeatherAppChase/Info.plist;
				LD_RUNPATH_SEARCH_PATHS = (
					"$(inherited)",
					"@executable_path/Frameworks",
				);
				PRODUCT_BUNDLE_IDENTIFIER = Chase.WeatherAppChase;
				PRODUCT_NAME = "$(TARGET_NAME)";
				SWIFT_VERSION = 5.0;
				TARGETED_DEVICE_FAMILY = "1,2";
			};
			name = Debug;
		};
		E4F8C21A2AC9B353003E4AA3 /* Release */ = {
			isa = XCBuildConfiguration;
			buildSettings = {
				ASSETCATALOG_COMPILER_APPICON_NAME = AppIcon;
				CODE_SIGN_STYLE = Automatic;
				INFOPLIST_FILE = WeatherAppChase/Info.plist;
				LD_RUNPATH_SEARCH_PATHS = (
					"$(inherited)",
					"@executable_path/Frameworks",
				);
				PRODUCT_BUNDLE_IDENTIFIER = Chase.WeatherAppChase;
				PRODUCT_NAME = "$(TARGET_NAME)";
				SWIFT_VERSION = 5.0;
				TARGETED_DEVICE_FAMILY = "1,2";
			};
			name = Release;
		};
		E4F8C21C2AC9B353003E4AA3 /* Debug */ = {
			isa = XCBuildConfiguration;
			buildSettings = {
				ALWAYS_EMBED_SWIFT_STANDARD_LIBRARIES = YES;
				BUNDLE_LOADER = "$(TEST_HOST)";
				CODE_SIGN_STYLE = Automatic;
				INFOPLIST_FILE = WeatherAppChaseTests/Info.plist;
				IPHONEOS_DEPLOYMENT_TARGET = 13.2;
				LD_RUNPATH_SEARCH_PATHS = (
					"$(inherited)",
					"@executable_path/Frameworks",
					"@loader_path/Frameworks",
				);
				PRODUCT_BUNDLE_IDENTIFIER = Chase.WeatherAppChaseTests;
				PRODUCT_NAME = "$(TARGET_NAME)";
				SWIFT_VERSION = 5.0;
				TARGETED_DEVICE_FAMILY = "1,2";
				TEST_HOST = "$(BUILT_PRODUCTS_DIR)/WeatherAppChase.app/WeatherAppChase";
			};
			name = Debug;
		};
		E4F8C21D2AC9B353003E4AA3 /* Release */ = {
			isa = XCBuildConfiguration;
			buildSettings = {
				ALWAYS_EMBED_SWIFT_STANDARD_LIBRARIES = YES;
				BUNDLE_LOADER = "$(TEST_HOST)";
				CODE_SIGN_STYLE = Automatic;
				INFOPLIST_FILE = WeatherAppChaseTests/Info.plist;
				IPHONEOS_DEPLOYMENT_TARGET = 13.2;
				LD_RUNPATH_SEARCH_PATHS = (
					"$(inherited)",
					"@executable_path/Frameworks",
					"@loader_path/Frameworks",
				);
				PRODUCT_BUNDLE_IDENTIFIER = Chase.WeatherAppChaseTests;
				PRODUCT_NAME = "$(TARGET_NAME)";
				SWIFT_VERSION = 5.0;
				TARGETED_DEVICE_FAMILY = "1,2";
				TEST_HOST = "$(BUILT_PRODUCTS_DIR)/WeatherAppChase.app/WeatherAppChase";
			};
			name = Release;
		};
/* End XCBuildConfiguration section */

/* Begin XCConfigurationList section */
		E4F8C1F42AC9B346003E4AA3 /* Build configuration list for PBXProject "WeatherAppChase" */ = {
			isa = XCConfigurationList;
			buildConfigurations = (
				E4F8C2162AC9B353003E4AA3 /* Debug */,
				E4F8C2172AC9B353003E4AA3 /* Release */,
			);
			defaultConfigurationIsVisible = 0;
			defaultConfigurationName = Release;
		};
		E4F8C2182AC9B353003E4AA3 /* Build configuration list for PBXNativeTarget "WeatherAppChase" */ = {
			isa = XCConfigurationList;
			buildConfigurations = (
				E4F8C2192AC9B353003E4AA3 /* Debug */,
				E4F8C21A2AC9B353003E4AA3 /* Release */,
			);
			defaultConfigurationIsVisible = 0;
			defaultConfigurationName = Release;
		};
		E4F8C21B2AC9B353003E4AA3 /* Build configuration list for PBXNativeTarget "WeatherAppChaseTests" */ = {
			isa = XCConfigurationList;
			buildConfigurations = (
				E4F8C21C2AC9B353003E4AA3 /* Debug */,
				E4F8C21D2AC9B353003E4AA3 /* Release */,
			);
			defaultConfigurationIsVisible = 0;
			defaultConfigurationName = Release;
		};
/* End XCConfigurationList section */
	};
	rootObject = E4F8C1F12AC9B346003E4AA3 /* Project object */;
}
